
Microsoft Visual Studio Solution File, Format Version 12.00
# Visual Studio Version 17
VisualStudioVersion = 17.9.34616.47
MinimumVisualStudioVersion = 10.0.40219.1
Project("{FAE04EC0-301F-11D3-BF4B-00C04F79EFBC}") = "Task1", "Task1\Task1.csproj", "{4275B673-1D53-4801-8877-52FB12362FDF}"
EndProject
Global
	GlobalSection(SolutionConfigurationPlatforms) = preSolution
		Debug|Any CPU = Debug|Any CPU
		Release|Any CPU = Release|Any CPU
	EndGlobalSection
	GlobalSection(ProjectConfigurationPlatforms) = postSolution
		{4275B673-1D53-4801-8877-52FB12362FDF}.Debug|Any CPU.ActiveCfg = Debug|Any CPU
		{4275B673-1D53-4801-8877-52FB12362FDF}.Debug|Any CPU.Build.0 = Debug|Any CPU
		{4275B673-1D53-4801-8877-52FB12362FDF}.Release|Any CPU.ActiveCfg = Release|Any CPU
		{4275B673-1D53-4801-8877-52FB12362FDF}.Release|Any CPU.Build.0 = Release|Any CPU
	EndGlobalSection
	GlobalSection(SolutionProperties) = preSolution
		HideSolutionNode = FALSE
	EndGlobalSection
	GlobalSection(ExtensibilityGlobals) = postSolution
		SolutionGuid = {0612FF1D-2572-4901-B9D7-9D0FC78A4B3F}
	EndGlobalSection
EndGlobal
