
Microsoft Visual Studio Solution File, Format Version 12.00
# Visual Studio Version 17
VisualStudioVersion = 17.9.34616.47
MinimumVisualStudioVersion = 10.0.40219.1
Project("{FAE04EC0-301F-11D3-BF4B-00C04F79EFBC}") = "Task1", "Task1\Task1.csproj", "{DD0CEB79-A0AF-444B-A3DA-C5950F555AC6}"
EndProject
Global
	GlobalSection(SolutionConfigurationPlatforms) = preSolution
		Debug|Any CPU = Debug|Any CPU
		Release|Any CPU = Release|Any CPU
	EndGlobalSection
	GlobalSection(ProjectConfigurationPlatforms) = postSolution
		{DD0CEB79-A0AF-444B-A3DA-C5950F555AC6}.Debug|Any CPU.ActiveCfg = Debug|Any CPU
		{DD0CEB79-A0AF-444B-A3DA-C5950F555AC6}.Debug|Any CPU.Build.0 = Debug|Any CPU
		{DD0CEB79-A0AF-444B-A3DA-C5950F555AC6}.Release|Any CPU.ActiveCfg = Release|Any CPU
		{DD0CEB79-A0AF-444B-A3DA-C5950F555AC6}.Release|Any CPU.Build.0 = Release|Any CPU
	EndGlobalSection
	GlobalSection(SolutionProperties) = preSolution
		HideSolutionNode = FALSE
	EndGlobalSection
	GlobalSection(ExtensibilityGlobals) = postSolution
		SolutionGuid = {93870F46-8B55-4C44-B799-E33358A4C73F}
	EndGlobalSection
EndGlobal
