
Microsoft Visual Studio Solution File, Format Version 12.00
# Visual Studio Version 17
VisualStudioVersion = 17.9.34616.47
MinimumVisualStudioVersion = 10.0.40219.1
Project("{FAE04EC0-301F-11D3-BF4B-00C04F79EFBC}") = "Task04", "Task04\Task04.csproj", "{B66FED57-0A07-4C25-94D5-9F192D2FD40E}"
EndProject
Global
	GlobalSection(SolutionConfigurationPlatforms) = preSolution
		Debug|Any CPU = Debug|Any CPU
		Release|Any CPU = Release|Any CPU
	EndGlobalSection
	GlobalSection(ProjectConfigurationPlatforms) = postSolution
		{B66FED57-0A07-4C25-94D5-9F192D2FD40E}.Debug|Any CPU.ActiveCfg = Debug|Any CPU
		{B66FED57-0A07-4C25-94D5-9F192D2FD40E}.Debug|Any CPU.Build.0 = Debug|Any CPU
		{B66FED57-0A07-4C25-94D5-9F192D2FD40E}.Release|Any CPU.ActiveCfg = Release|Any CPU
		{B66FED57-0A07-4C25-94D5-9F192D2FD40E}.Release|Any CPU.Build.0 = Release|Any CPU
	EndGlobalSection
	GlobalSection(SolutionProperties) = preSolution
		HideSolutionNode = FALSE
	EndGlobalSection
	GlobalSection(ExtensibilityGlobals) = postSolution
		SolutionGuid = {A336A67F-51A9-4422-86B4-E90AC11CC774}
	EndGlobalSection
EndGlobal
